
Microsoft Visual Studio Solution File, Format Version 12.00
# Visual Studio Version 16
VisualStudioVersion = 16.0.29905.134
MinimumVisualStudioVersion = 10.0.40219.1
Project("{FAE04EC0-301F-11D3-BF4B-00C04F79EFBC}") = "CloudDevelopment2020", "CloudDevelopment2020\CloudDevelopment2020.csproj", "{F4283D18-AF05-42FD-AB17-4B00814AA55B}"
EndProject
Project("{9A19103F-16F7-4668-BE54-9A1E7A4F7556}") = "MyWebJob", "MyWebJob\MyWebJob.csproj", "{D2EC8A23-CE2D-4999-85D2-F456A14B7013}"
EndProject
Project("{FAE04EC0-301F-11D3-BF4B-00C04F79EFBC}") = "MyWebJob2", "MyWebJob_2\MyWebJob2.csproj", "{53CC2FE7-3936-4579-AB6F-8D3DF07C0AFA}"
EndProject
Project("{FAE04EC0-301F-11D3-BF4B-00C04F79EFBC}") = "CosmosConsoleApp", "CosmosConsoleApp\CosmosConsoleApp.csproj", "{EE96403A-EF8E-4294-B673-B5FB24E45981}"
EndProject
Project("{151D2E53-A2C4-4D7D-83FE-D05416EBD58E}") = "TwitterLogicApps", "TwitterLogicApps\TwitterLogicApps.deployproj", "{0E91044C-8431-4A39-99D7-34C6B42EBEE7}"
EndProject
Project("{151D2E53-A2C4-4D7D-83FE-D05416EBD58E}") = "AzureResourceGroup1", "AzureResourceGroup1\AzureResourceGroup1.deployproj", "{011C70EB-5304-47EE-931D-37A1DFCB83BE}"
EndProject
Project("{9A19103F-16F7-4668-BE54-9A1E7A4F7556}") = "ZodiacFuncApp", "ZodiacFuncApp\ZodiacFuncApp.csproj", "{3F275E0D-2BB9-4096-9B24-8781D8BF6868}"
EndProject
Project("{9A19103F-16F7-4668-BE54-9A1E7A4F7556}") = "ZodiacAzureFunc", "ZodiacAzureFunc\ZodiacAzureFunc.csproj", "{B33F5FD3-9D8E-4902-9C17-E131820887B5}"
EndProject
Project("{FAE04EC0-301F-11D3-BF4B-00C04F79EFBC}") = "KeyVault1", "KeyVault1\KeyVault1.csproj", "{88230677-F385-4D04-B2C4-271934E68FE0}"
EndProject
Project("{FAE04EC0-301F-11D3-BF4B-00C04F79EFBC}") = "WebApplication1", "WebApplication1\WebApplication1.csproj", "{9C4FCFE7-4871-4528-AFC8-B8384E2402B4}"
EndProject
Project("{FAE04EC0-301F-11D3-BF4B-00C04F79EFBC}") = "WebApplication2", "WebApplication2\WebApplication2.csproj", "{BCBFF421-977F-4D0E-ACE3-CD353F5864A3}"
EndProject
Project("{FAE04EC0-301F-11D3-BF4B-00C04F79EFBC}") = "SignalRChat", "SignalRChat\SignalRChat.csproj", "{BFC05FB4-F356-4C00-988B-2FE62ADE1876}"
EndProject
Global
	GlobalSection(SolutionConfigurationPlatforms) = preSolution
		Debug|Any CPU = Debug|Any CPU
		Release|Any CPU = Release|Any CPU
	EndGlobalSection
	GlobalSection(ProjectConfigurationPlatforms) = postSolution
		{F4283D18-AF05-42FD-AB17-4B00814AA55B}.Debug|Any CPU.ActiveCfg = Debug|Any CPU
		{F4283D18-AF05-42FD-AB17-4B00814AA55B}.Debug|Any CPU.Build.0 = Debug|Any CPU
		{F4283D18-AF05-42FD-AB17-4B00814AA55B}.Release|Any CPU.ActiveCfg = Release|Any CPU
		{F4283D18-AF05-42FD-AB17-4B00814AA55B}.Release|Any CPU.Build.0 = Release|Any CPU
		{D2EC8A23-CE2D-4999-85D2-F456A14B7013}.Debug|Any CPU.ActiveCfg = Debug|Any CPU
		{D2EC8A23-CE2D-4999-85D2-F456A14B7013}.Debug|Any CPU.Build.0 = Debug|Any CPU
		{D2EC8A23-CE2D-4999-85D2-F456A14B7013}.Release|Any CPU.ActiveCfg = Release|Any CPU
		{D2EC8A23-CE2D-4999-85D2-F456A14B7013}.Release|Any CPU.Build.0 = Release|Any CPU
		{53CC2FE7-3936-4579-AB6F-8D3DF07C0AFA}.Debug|Any CPU.ActiveCfg = Debug|Any CPU
		{53CC2FE7-3936-4579-AB6F-8D3DF07C0AFA}.Debug|Any CPU.Build.0 = Debug|Any CPU
		{53CC2FE7-3936-4579-AB6F-8D3DF07C0AFA}.Release|Any CPU.ActiveCfg = Release|Any CPU
		{53CC2FE7-3936-4579-AB6F-8D3DF07C0AFA}.Release|Any CPU.Build.0 = Release|Any CPU
		{EE96403A-EF8E-4294-B673-B5FB24E45981}.Debug|Any CPU.ActiveCfg = Debug|Any CPU
		{EE96403A-EF8E-4294-B673-B5FB24E45981}.Debug|Any CPU.Build.0 = Debug|Any CPU
		{EE96403A-EF8E-4294-B673-B5FB24E45981}.Release|Any CPU.ActiveCfg = Release|Any CPU
		{EE96403A-EF8E-4294-B673-B5FB24E45981}.Release|Any CPU.Build.0 = Release|Any CPU
		{0E91044C-8431-4A39-99D7-34C6B42EBEE7}.Debug|Any CPU.ActiveCfg = Debug|Any CPU
		{0E91044C-8431-4A39-99D7-34C6B42EBEE7}.Debug|Any CPU.Build.0 = Debug|Any CPU
		{0E91044C-8431-4A39-99D7-34C6B42EBEE7}.Release|Any CPU.ActiveCfg = Release|Any CPU
		{0E91044C-8431-4A39-99D7-34C6B42EBEE7}.Release|Any CPU.Build.0 = Release|Any CPU
		{011C70EB-5304-47EE-931D-37A1DFCB83BE}.Debug|Any CPU.ActiveCfg = Debug|Any CPU
		{011C70EB-5304-47EE-931D-37A1DFCB83BE}.Debug|Any CPU.Build.0 = Debug|Any CPU
		{011C70EB-5304-47EE-931D-37A1DFCB83BE}.Release|Any CPU.ActiveCfg = Release|Any CPU
		{011C70EB-5304-47EE-931D-37A1DFCB83BE}.Release|Any CPU.Build.0 = Release|Any CPU
		{3F275E0D-2BB9-4096-9B24-8781D8BF6868}.Debug|Any CPU.ActiveCfg = Debug|Any CPU
		{3F275E0D-2BB9-4096-9B24-8781D8BF6868}.Debug|Any CPU.Build.0 = Debug|Any CPU
		{3F275E0D-2BB9-4096-9B24-8781D8BF6868}.Release|Any CPU.ActiveCfg = Release|Any CPU
		{3F275E0D-2BB9-4096-9B24-8781D8BF6868}.Release|Any CPU.Build.0 = Release|Any CPU
		{B33F5FD3-9D8E-4902-9C17-E131820887B5}.Debug|Any CPU.ActiveCfg = Debug|Any CPU
		{B33F5FD3-9D8E-4902-9C17-E131820887B5}.Debug|Any CPU.Build.0 = Debug|Any CPU
		{B33F5FD3-9D8E-4902-9C17-E131820887B5}.Release|Any CPU.ActiveCfg = Release|Any CPU
		{B33F5FD3-9D8E-4902-9C17-E131820887B5}.Release|Any CPU.Build.0 = Release|Any CPU
		{88230677-F385-4D04-B2C4-271934E68FE0}.Debug|Any CPU.ActiveCfg = Debug|Any CPU
		{88230677-F385-4D04-B2C4-271934E68FE0}.Debug|Any CPU.Build.0 = Debug|Any CPU
		{88230677-F385-4D04-B2C4-271934E68FE0}.Release|Any CPU.ActiveCfg = Release|Any CPU
		{88230677-F385-4D04-B2C4-271934E68FE0}.Release|Any CPU.Build.0 = Release|Any CPU
		{9C4FCFE7-4871-4528-AFC8-B8384E2402B4}.Debug|Any CPU.ActiveCfg = Debug|Any CPU
		{9C4FCFE7-4871-4528-AFC8-B8384E2402B4}.Debug|Any CPU.Build.0 = Debug|Any CPU
		{9C4FCFE7-4871-4528-AFC8-B8384E2402B4}.Release|Any CPU.ActiveCfg = Release|Any CPU
		{9C4FCFE7-4871-4528-AFC8-B8384E2402B4}.Release|Any CPU.Build.0 = Release|Any CPU
		{BCBFF421-977F-4D0E-ACE3-CD353F5864A3}.Debug|Any CPU.ActiveCfg = Debug|Any CPU
		{BCBFF421-977F-4D0E-ACE3-CD353F5864A3}.Debug|Any CPU.Build.0 = Debug|Any CPU
		{BCBFF421-977F-4D0E-ACE3-CD353F5864A3}.Release|Any CPU.ActiveCfg = Release|Any CPU
		{BCBFF421-977F-4D0E-ACE3-CD353F5864A3}.Release|Any CPU.Build.0 = Release|Any CPU
		{BFC05FB4-F356-4C00-988B-2FE62ADE1876}.Debug|Any CPU.ActiveCfg = Debug|Any CPU
		{BFC05FB4-F356-4C00-988B-2FE62ADE1876}.Debug|Any CPU.Build.0 = Debug|Any CPU
		{BFC05FB4-F356-4C00-988B-2FE62ADE1876}.Release|Any CPU.ActiveCfg = Release|Any CPU
		{BFC05FB4-F356-4C00-988B-2FE62ADE1876}.Release|Any CPU.Build.0 = Release|Any CPU
	EndGlobalSection
	GlobalSection(SolutionProperties) = preSolution
		HideSolutionNode = FALSE
	EndGlobalSection
	GlobalSection(ExtensibilityGlobals) = postSolution
		SolutionGuid = {7B3D4183-D4CC-457C-BB33-8B325D8B6BDE}
	EndGlobalSection
EndGlobal
